# THIS IS AN AUTOGENERATED FILE. DO NOT EDIT THIS FILE DIRECTLY.
# yarn lockfile v1


fast-xml-parser@^3.17.3:
  version "3.17.3"
  resolved "https://registry.yarnpkg.com/fast-xml-parser/-/fast-xml-parser-3.17.3.tgz#07eb3e774e8faf6bf75243ec9f2949a47c79e757"
  integrity sha512-g3OSnHBWq5hrpS4LUgFWOS87F7B6UDklkI6v2VLC/89Ech00fabXleKEHTVXQBkKyVsfOxD+1QY6fkoIZMIO/Q==
